PODS:
  - Algent (0.4.0):
    - InstantSearchClient (~> 6.0)
    - Result
  - FBSnapshotTestCase (2.1.4):
    - FBSnapshotTestCase/SwiftSupport (= 2.1.4)
  - FBSnapshotTestCase/Core (2.1.4)
  - FBSnapshotTestCase/SwiftSupport (2.1.4):
    - FBSnapshotTestCase/Core
  - InstantSearchClient (6.1.1)
  - Nimble (7.3.1)
  - Nimble-Snapshots (6.3.0):
    - Nimble-Snapshots/Core (= 6.3.0)
  - Nimble-Snapshots/Core (6.3.0):
    - FBSnapshotTestCase (~> 2.0)
    - Nimble (~> 7.0)
  - Quick (1.2.0)
  - Result (4.1.0)

DEPENDENCIES:
  - Algent (from `../`)
  - FBSnapshotTestCase (~> 2.1)
  - Nimble (~> 7.3)
  - Nimble-Snapshots (~> 6.3)
  - Quick (~> 1.2)

SPEC REPOS:
  https://github.com/cocoapods/specs.git:
    - FBSnapshotTestCase
    - InstantSearchClient
    - Nimble
    - Nimble-Snapshots
    - Quick
    - Result

EXTERNAL SOURCES:
  Algent:
    :path: "../"

SPEC CHECKSUMS:
  Algent: b6221a7d1a8abd866ec46944e407f9043f41a131
  FBSnapshotTestCase: 094f9f314decbabe373b87cc339bea235a63e07a
  InstantSearchClient: 8e3754ff154e2d65b0a391671a2a36f045a9bf5a
  Nimble: 04f732da099ea4d153122aec8c2a88fd0c7219ae
  Nimble-Snapshots: f5459b5b091678dc942d03ec4741cacb58ba4a52
  Quick: 58d203b1c5e27fff7229c4c1ae445ad7069a7a08
  Result: bd966fac789cc6c1563440b348ab2598cc24d5c7

PODFILE CHECKSUM: c33b276f3094df12474108974a3c43b9205a37e3

COCOAPODS: 1.5.3
